
Microsoft Visual Studio Solution File, Format Version 12.00
# Visual Studio Version 17
VisualStudioVersion = 17.10.35027.167
MinimumVisualStudioVersion = 10.0.40219.1
Project("{9A19103F-16F7-4668-BE54-9A1E7A4F7556}") = "NestedWithMudBlazor.UI", "NestedWithMudBlazor.UI\NestedWithMudBlazor.UI.csproj", "{FCEB5ED7-6429-424A-AA15-2FF496289ACB}"
EndProject
Project("{9A19103F-16F7-4668-BE54-9A1E7A4F7556}") = "NestedWithMudBlazor.DAL", "NestedWithMudBlazor.DAL\NestedWithMudBlazor.DAL.csproj", "{072B1A86-CE37-493F-A31D-54302701F29B}"
EndProject
Global
	GlobalSection(SolutionConfigurationPlatforms) = preSolution
		Debug|Any CPU = Debug|Any CPU
		Release|Any CPU = Release|Any CPU
	EndGlobalSection
	GlobalSection(ProjectConfigurationPlatforms) = postSolution
		{FCEB5ED7-6429-424A-AA15-2FF496289ACB}.Debug|Any CPU.ActiveCfg = Debug|Any CPU
		{FCEB5ED7-6429-424A-AA15-2FF496289ACB}.Debug|Any CPU.Build.0 = Debug|Any CPU
		{FCEB5ED7-6429-424A-AA15-2FF496289ACB}.Release|Any CPU.ActiveCfg = Release|Any CPU
		{FCEB5ED7-6429-424A-AA15-2FF496289ACB}.Release|Any CPU.Build.0 = Release|Any CPU
		{072B1A86-CE37-493F-A31D-54302701F29B}.Debug|Any CPU.ActiveCfg = Debug|Any CPU
		{072B1A86-CE37-493F-A31D-54302701F29B}.Debug|Any CPU.Build.0 = Debug|Any CPU
		{072B1A86-CE37-493F-A31D-54302701F29B}.Release|Any CPU.ActiveCfg = Release|Any CPU
		{072B1A86-CE37-493F-A31D-54302701F29B}.Release|Any CPU.Build.0 = Release|Any CPU
	EndGlobalSection
	GlobalSection(SolutionProperties) = preSolution
		HideSolutionNode = FALSE
	EndGlobalSection
	GlobalSection(ExtensibilityGlobals) = postSolution
		SolutionGuid = {B10D9DAF-EBEC-4E80-A682-67E78C06E7F0}
	EndGlobalSection
EndGlobal
